
Microsoft Visual Studio Solution File, Format Version 12.00
# Visual Studio Version 16
VisualStudioVersion = 16.0.29806.167
MinimumVisualStudioVersion = 10.0.40219.1
Project("{FAE04EC0-301F-11D3-BF4B-00C04F79EFBC}") = "ContentViewerApp", "ContentViewerApp\ContentViewerApp.csproj", "{2AC27F06-3B04-4EED-BBF5-F07B1E912143}"
EndProject
Project("{FAE04EC0-301F-11D3-BF4B-00C04F79EFBC}") = "DataAccess", "DataAccess\DataAccess.csproj", "{0FBD9E1F-A123-43A1-8B11-85AA9A972BE1}"
EndProject
Global
	GlobalSection(SolutionConfigurationPlatforms) = preSolution
		Debug|Any CPU = Debug|Any CPU
		Release|Any CPU = Release|Any CPU
	EndGlobalSection
	GlobalSection(ProjectConfigurationPlatforms) = postSolution
		{2AC27F06-3B04-4EED-BBF5-F07B1E912143}.Debug|Any CPU.ActiveCfg = Debug|Any CPU
		{2AC27F06-3B04-4EED-BBF5-F07B1E912143}.Debug|Any CPU.Build.0 = Debug|Any CPU
		{2AC27F06-3B04-4EED-BBF5-F07B1E912143}.Release|Any CPU.ActiveCfg = Release|Any CPU
		{2AC27F06-3B04-4EED-BBF5-F07B1E912143}.Release|Any CPU.Build.0 = Release|Any CPU
		{0FBD9E1F-A123-43A1-8B11-85AA9A972BE1}.Debug|Any CPU.ActiveCfg = Debug|Any CPU
		{0FBD9E1F-A123-43A1-8B11-85AA9A972BE1}.Debug|Any CPU.Build.0 = Debug|Any CPU
		{0FBD9E1F-A123-43A1-8B11-85AA9A972BE1}.Release|Any CPU.ActiveCfg = Release|Any CPU
		{0FBD9E1F-A123-43A1-8B11-85AA9A972BE1}.Release|Any CPU.Build.0 = Release|Any CPU
	EndGlobalSection
	GlobalSection(SolutionProperties) = preSolution
		HideSolutionNode = FALSE
	EndGlobalSection
	GlobalSection(ExtensibilityGlobals) = postSolution
		SolutionGuid = {21681D29-7762-4E42-8FD0-4EBD481B937C}
	EndGlobalSection
EndGlobal
