
Microsoft Visual Studio Solution File, Format Version 12.00
# Visual Studio Version 16
VisualStudioVersion = 16.0.29806.167
MinimumVisualStudioVersion = 10.0.40219.1
Project("{9A19103F-16F7-4668-BE54-9A1E7A4F7556}") = "ContentViewer", "..\ContentViewer\ContentViewer.csproj", "{65BF647E-6608-45F6-9E70-81005DFA7543}"
EndProject
Project("{9A19103F-16F7-4668-BE54-9A1E7A4F7556}") = "DataContentViewer", "..\DataContentViewer\DataContentViewer.csproj", "{EDE0C346-9A7D-4E0C-9DB3-C06FBF6C1835}"
EndProject
Global
	GlobalSection(SolutionConfigurationPlatforms) = preSolution
		Debug|Any CPU = Debug|Any CPU
		Release|Any CPU = Release|Any CPU
	EndGlobalSection
	GlobalSection(ProjectConfigurationPlatforms) = postSolution
		{65BF647E-6608-45F6-9E70-81005DFA7543}.Debug|Any CPU.ActiveCfg = Debug|Any CPU
		{65BF647E-6608-45F6-9E70-81005DFA7543}.Debug|Any CPU.Build.0 = Debug|Any CPU
		{65BF647E-6608-45F6-9E70-81005DFA7543}.Release|Any CPU.ActiveCfg = Release|Any CPU
		{65BF647E-6608-45F6-9E70-81005DFA7543}.Release|Any CPU.Build.0 = Release|Any CPU
		{EDE0C346-9A7D-4E0C-9DB3-C06FBF6C1835}.Debug|Any CPU.ActiveCfg = Debug|Any CPU
		{EDE0C346-9A7D-4E0C-9DB3-C06FBF6C1835}.Debug|Any CPU.Build.0 = Debug|Any CPU
		{EDE0C346-9A7D-4E0C-9DB3-C06FBF6C1835}.Release|Any CPU.ActiveCfg = Release|Any CPU
		{EDE0C346-9A7D-4E0C-9DB3-C06FBF6C1835}.Release|Any CPU.Build.0 = Release|Any CPU
	EndGlobalSection
	GlobalSection(SolutionProperties) = preSolution
		HideSolutionNode = FALSE
	EndGlobalSection
	GlobalSection(ExtensibilityGlobals) = postSolution
		SolutionGuid = {DC98D45C-A1A5-48FB-B058-3E6D0F18F754}
	EndGlobalSection
EndGlobal
